# ggen.lock — generated by `ggen sync`. Do not edit.

[packs.clap-noun-verb-autonomic-pack]
source = "path:/Users/sac/ggen-marketplace/packs/clap-noun-verb-autonomic-pack"
content_hash = "blake3:85ba6043c2fc0608041b2d56a72753be87fd2a1376161f2c6ddaaa31718959f0"

[packs.clap-noun-verb-policies-pack]
source = "path:/Users/sac/ggen-marketplace/packs/clap-noun-verb-policies-pack"
content_hash = "blake3:1091a03d9489d471726cd85105ec48c9d87ea5e3b4dc5450e2052b5256c7de60"

[packs.clap-noun-verb-telemetry-pack]
source = "path:/Users/sac/ggen-marketplace/packs/clap-noun-verb-telemetry-pack"
content_hash = "blake3:60a6227cf1d9278f93a259a94cf8c60c7d78a1f4fc09d5d2091f2bd06031ecb8"
